<Solution>
  <Configurations>
    <Platform Name="ARM64" />
    <Platform Name="x64" />
    <Platform Name="x86" />
  </Configurations>
  <Folder Name="/Solution Folder/">
    <File Path=".editorconfig" />
    <File Path=".gitignore" />
    <File Path="EncodeConverter.slnx.DotSettings" />
    <File Path="LICENSE" />
    <File Path="README.md" />
  </Folder>
  <Project Path="EncodeConverter/EncodeConverter.csproj">
    <Platform Solution="*|ARM64" Project="ARM64" />
    <Platform Solution="*|x64" Project="x64" />
    <Platform Solution="*|x86" Project="x86" />
    <Deploy />
  </Project>
</Solution>
